{
  "requires": true,
  "lockfileVersion": 1,
  "dependencies": {
    "@pacote/get-style": {
      "version": "1.1.0",
      "resolved": "https://registry.npmjs.org/@pacote/get-style/-/get-style-1.1.0.tgz",
      "integrity": "sha512-+kb7D5JlQCiwUJDoavNQgco179pvrlXfMeX+bf9HwewG+5jhsaW4XN7KO6RLeNWcNCXAzP1fpoc672CVHmQ8xw=="
    },
    "@pacote/pixels": {
      "version": "1.1.0",
      "resolved": "https://registry.npmjs.org/@pacote/pixels/-/pixels-1.1.0.tgz",
      "integrity": "sha512-SPRtwVt0GgyNePLubNRDcKxHzqPNg/z0z5CeMuN7pcyorJ+ZMHOf6gY7hKU7gBLS4b8kr73k2S65IXongeWi8Q==",
      "requires": {
        "@pacote/get-style": "^1.1.0"
      }
    },
    "bootstrap": {
      "version": "4.3.1",
      "resolved": "https://registry.npmjs.org/bootstrap/-/bootstrap-4.3.1.tgz",
      "integrity": "sha512-rXqOmH1VilAt2DyPzluTi2blhk17bO7ef+zLLPlWvG494pDxcM234pJ8wTc/6R40UWizAIIMgxjvxZg5kmsbag=="
    },
    "delegated-events": {
      "version": "1.1.1",
      "resolved": "https://registry.npmjs.org/delegated-events/-/delegated-events-1.1.1.tgz",
      "integrity": "sha512-ALDA22V5iesqv6ynhFrXTUwXw4qV3C3hWOU6zslIgVe+GUTg41zhUD51sq5qoJ89SzC3hOETmAoFyuOr6fldRQ==",
      "requires": {
        "selector-set": "^1.1.3"
      }
    },
    "jquery": {
      "version": "3.4.1",
      "resolved": "https://registry.npmjs.org/jquery/-/jquery-3.4.1.tgz",
      "integrity": "sha512-36+AdBzCL+y6qjw5Tx7HgzeGCzC81MDDgaUP8ld2zhx58HdqXGoBd+tHdrBMiyjGQs0Hxs/MLZTu/eHNJJuWPw=="
    },
    "littlefoot": {
      "version": "3.1.3",
      "resolved": "https://registry.npmjs.org/littlefoot/-/littlefoot-3.1.3.tgz",
      "integrity": "sha512-1VEoxJZ9pObiX9rKSDCUA4aGO/ohzI1sh36o+YD8aNuOiM9l3njMLzbWm5Fqjobd76X1n3BlhOG7xrzsCffIig==",
      "requires": {
        "@pacote/get-style": "^1.0.0",
        "@pacote/pixels": "^1.0.0",
        "delegated-events": "^1.0.10",
        "lodash.template": "^4.4.0",
        "lodash.throttle": "^4.1.1"
      }
    },
    "lodash._reinterpolate": {
      "version": "3.0.0",
      "resolved": "https://registry.npmjs.org/lodash._reinterpolate/-/lodash._reinterpolate-3.0.0.tgz",
      "integrity": "sha1-DM8tiRZq8Ds2Y8eWU4t1rG4RTZ0="
    },
    "lodash.template": {
      "version": "4.5.0",
      "resolved": "https://registry.npmjs.org/lodash.template/-/lodash.template-4.5.0.tgz",
      "integrity": "sha512-84vYFxIkmidUiFxidA/KjjH9pAycqW+h980j7Fuz5qxRtO9pgB7MDFTdys1N7A5mcucRiDyEq4fusljItR1T/A==",
      "requires": {
        "lodash._reinterpolate": "^3.0.0",
        "lodash.templatesettings": "^4.0.0"
      }
    },
    "lodash.templatesettings": {
      "version": "4.2.0",
      "resolved": "https://registry.npmjs.org/lodash.templatesettings/-/lodash.templatesettings-4.2.0.tgz",
      "integrity": "sha512-stgLz+i3Aa9mZgnjr/O+v9ruKZsPsndy7qPZOchbqk2cnTU1ZaldKK+v7m54WoKIyxiuMZTKT2H81F8BeAc3ZQ==",
      "requires": {
        "lodash._reinterpolate": "^3.0.0"
      }
    },
    "lodash.throttle": {
      "version": "4.1.1",
      "resolved": "https://registry.npmjs.org/lodash.throttle/-/lodash.throttle-4.1.1.tgz",
      "integrity": "sha1-wj6RtxAkKscMN/HhzaknTMOb8vQ="
    },
    "popper.js": {
      "version": "1.15.0",
      "resolved": "https://registry.npmjs.org/popper.js/-/popper.js-1.15.0.tgz",
      "integrity": "sha512-w010cY1oCUmI+9KwwlWki+r5jxKfTFDVoadl7MSrIujHU5MJ5OR6HTDj6Xo8aoR/QsA56x8jKjA59qGH4ELtrA=="
    },
    "selector-set": {
      "version": "1.1.4",
      "resolved": "https://registry.npmjs.org/selector-set/-/selector-set-1.1.4.tgz",
      "integrity": "sha512-p852Z9CGCtWamKUcDpOaXFsggjTW5jS9MNQjvUEr6+l2tC2SflbqaMsd39+hnYmIfVx0hl0Sj4w1a7oaL8wLoA=="
    }
  }
}
