# THIS IS AN AUTOGENERATED FILE. DO NOT EDIT THIS FILE DIRECTLY.
# yarn lockfile v1


"@pacote/get-style@^1.0.0", "@pacote/get-style@^1.1.0":
  version "1.1.0"
  resolved "https://registry.yarnpkg.com/@pacote/get-style/-/get-style-1.1.0.tgz#170e571f24b9c48b9d55f94decca5841dc739976"
  integrity sha512-+kb7D5JlQCiwUJDoavNQgco179pvrlXfMeX+bf9HwewG+5jhsaW4XN7KO6RLeNWcNCXAzP1fpoc672CVHmQ8xw==

"@pacote/pixels@^1.0.0":
  version "1.1.0"
  resolved "https://registry.yarnpkg.com/@pacote/pixels/-/pixels-1.1.0.tgz#8c386e8f2b93f9e03719a72cfe2ebd9eed2968c5"
  integrity sha512-SPRtwVt0GgyNePLubNRDcKxHzqPNg/z0z5CeMuN7pcyorJ+ZMHOf6gY7hKU7gBLS4b8kr73k2S65IXongeWi8Q==
  dependencies:
    "@pacote/get-style" "^1.1.0"

delegated-events@^1.0.10:
  version "1.1.1"
  resolved "https://registry.yarnpkg.com/delegated-events/-/delegated-events-1.1.1.tgz#3cc91e112aba99f125e21d28f1f245b46d71740b"
  integrity sha512-ALDA22V5iesqv6ynhFrXTUwXw4qV3C3hWOU6zslIgVe+GUTg41zhUD51sq5qoJ89SzC3hOETmAoFyuOr6fldRQ==
  dependencies:
    selector-set "^1.1.3"

littlefoot@^3.1.3:
  version "3.1.3"
  resolved "https://registry.yarnpkg.com/littlefoot/-/littlefoot-3.1.3.tgz#c0431ccd7142945bb3b05dc851719fe79d5081d7"
  integrity sha512-1VEoxJZ9pObiX9rKSDCUA4aGO/ohzI1sh36o+YD8aNuOiM9l3njMLzbWm5Fqjobd76X1n3BlhOG7xrzsCffIig==
  dependencies:
    "@pacote/get-style" "^1.0.0"
    "@pacote/pixels" "^1.0.0"
    delegated-events "^1.0.10"
    lodash.template "^4.4.0"
    lodash.throttle "^4.1.1"

lodash._reinterpolate@^3.0.0:
  version "3.0.0"
  resolved "https://registry.yarnpkg.com/lodash._reinterpolate/-/lodash._reinterpolate-3.0.0.tgz#0ccf2d89166af03b3663c796538b75ac6e114d9d"
  integrity sha1-DM8tiRZq8Ds2Y8eWU4t1rG4RTZ0=

lodash.template@^4.4.0:
  version "4.5.0"
  resolved "https://registry.yarnpkg.com/lodash.template/-/lodash.template-4.5.0.tgz#f976195cf3f347d0d5f52483569fe8031ccce8ab"
  integrity sha512-84vYFxIkmidUiFxidA/KjjH9pAycqW+h980j7Fuz5qxRtO9pgB7MDFTdys1N7A5mcucRiDyEq4fusljItR1T/A==
  dependencies:
    lodash._reinterpolate "^3.0.0"
    lodash.templatesettings "^4.0.0"

lodash.templatesettings@^4.0.0:
  version "4.2.0"
  resolved "https://registry.yarnpkg.com/lodash.templatesettings/-/lodash.templatesettings-4.2.0.tgz#e481310f049d3cf6d47e912ad09313b154f0fb33"
  integrity sha512-stgLz+i3Aa9mZgnjr/O+v9ruKZsPsndy7qPZOchbqk2cnTU1ZaldKK+v7m54WoKIyxiuMZTKT2H81F8BeAc3ZQ==
  dependencies:
    lodash._reinterpolate "^3.0.0"

lodash.throttle@^4.1.1:
  version "4.1.1"
  resolved "https://registry.yarnpkg.com/lodash.throttle/-/lodash.throttle-4.1.1.tgz#c23e91b710242ac70c37f1e1cda9274cc39bf2f4"
  integrity sha1-wj6RtxAkKscMN/HhzaknTMOb8vQ=

selector-set@^1.1.3:
  version "1.1.4"
  resolved "https://registry.yarnpkg.com/selector-set/-/selector-set-1.1.4.tgz#435f84f94b8c87d9d220df785ec5a049680b46dc"
  integrity sha512-p852Z9CGCtWamKUcDpOaXFsggjTW5jS9MNQjvUEr6+l2tC2SflbqaMsd39+hnYmIfVx0hl0Sj4w1a7oaL8wLoA==
